
Microsoft Visual Studio Solution File, Format Version 12.00
# Visual Studio Version 16
VisualStudioVersion = 16.0.28803.156
MinimumVisualStudioVersion = 10.0.40219.1
Project("{9A19103F-16F7-4668-BE54-9A1E7A4F7556}") = "Osma.Mobile.App", "Osma.Mobile.App\Osma.Mobile.App.csproj", "{EC35F9B5-1255-4613-B865-FF7FA07606A6}"
EndProject
Project("{FAE04EC0-301F-11D3-BF4B-00C04F79EFBC}") = "Osma.Mobile.App.Android", "Osma.Mobile.App.Android\Osma.Mobile.App.Android.csproj", "{E85A5F7F-DA7D-417F-A8AE-3138C03121DE}"
EndProject
Project("{FAE04EC0-301F-11D3-BF4B-00C04F79EFBC}") = "Osma.Mobile.App.iOS", "Osma.Mobile.App.iOS\Osma.Mobile.App.iOS.csproj", "{C5E413A2-5D83-4D67-A9B6-9B216E7689F9}"
EndProject
Project("{9A19103F-16F7-4668-BE54-9A1E7A4F7556}") = "Osma.Mobile.App.Services", "Osma.Mobile.App.Services\Osma.Mobile.App.Services.csproj", "{E7FE6690-DC37-46AD-AE52-710028F17034}"
EndProject
Project("{2150E333-8FDC-42A3-9474-1A3956D46DE8}") = "Aries", "Aries", "{B1CA05F6-76B5-4107-8E80-A9B156ADBCB5}"
EndProject
Project("{9A19103F-16F7-4668-BE54-9A1E7A4F7556}") = "Hyperledger.Aries", "G:\Users\Administrator\Videos\src\Hyperledger.Aries\Hyperledger.Aries.csproj", "{B59722CF-FE6B-4B28-B406-6241B25B1246}"
EndProject
Project("{9A19103F-16F7-4668-BE54-9A1E7A4F7556}") = "Hyperledger.Aries.AspNetCore", "G:\Users\Administrator\Videos\src\Hyperledger.Aries.AspNetCore\Hyperledger.Aries.AspNetCore.csproj", "{9370560F-5899-433A-BBF3-FBABBD68A19B}"
EndProject
Project("{9A19103F-16F7-4668-BE54-9A1E7A4F7556}") = "Hyperledger.Aries.AspNetCore.Contracts", "G:\Users\Administrator\Videos\src\Hyperledger.Aries.AspNetCore.Contracts\Hyperledger.Aries.AspNetCore.Contracts.csproj", "{7B8DA71E-7460-4A6A-9742-A07B0067509B}"
EndProject
Project("{9A19103F-16F7-4668-BE54-9A1E7A4F7556}") = "Hyperledger.Aries.Payments.SovrinToken", "G:\Users\Administrator\Videos\src\Hyperledger.Aries.Payments.SovrinToken\Hyperledger.Aries.Payments.SovrinToken.csproj", "{3991F227-0AE7-490E-8C4A-875A98C2316D}"
EndProject
Project("{9A19103F-16F7-4668-BE54-9A1E7A4F7556}") = "Hyperledger.Aries.Routing", "G:\Users\Administrator\Videos\src\Hyperledger.Aries.Routing\Hyperledger.Aries.Routing.csproj", "{DD23B4D4-CD8C-4AF5-90A7-9D8BFAC46938}"
EndProject
Project("{9A19103F-16F7-4668-BE54-9A1E7A4F7556}") = "Hyperledger.Aries.Routing.Edge", "G:\Users\Administrator\Videos\src\Hyperledger.Aries.Routing.Edge\Hyperledger.Aries.Routing.Edge.csproj", "{54E46A34-6B2A-4646-AEE6-5BFF12E64449}"
EndProject
Project("{9A19103F-16F7-4668-BE54-9A1E7A4F7556}") = "Hyperledger.Aries.Routing.Mediator", "G:\Users\Administrator\Videos\src\Hyperledger.Aries.Routing.Mediator\Hyperledger.Aries.Routing.Mediator.csproj", "{29F9DDB1-BC23-4C86-A20D-F918DBD4559E}"
EndProject
Project("{9A19103F-16F7-4668-BE54-9A1E7A4F7556}") = "Hyperledger.Aries.TestHarness", "G:\Users\Administrator\Videos\src\Hyperledger.Aries.TestHarness\Hyperledger.Aries.TestHarness.csproj", "{8FC4290E-79C2-4996-B6FD-B4D9F6344A8C}"
EndProject
Global
	GlobalSection(SolutionConfigurationPlatforms) = preSolution
		Ad-Hoc|Any CPU = Ad-Hoc|Any CPU
		Ad-Hoc|iPhone = Ad-Hoc|iPhone
		Ad-Hoc|iPhoneSimulator = Ad-Hoc|iPhoneSimulator
		AppStore|Any CPU = AppStore|Any CPU
		AppStore|iPhone = AppStore|iPhone
		AppStore|iPhoneSimulator = AppStore|iPhoneSimulator
		Debug|Any CPU = Debug|Any CPU
		Debug|iPhone = Debug|iPhone
		Debug|iPhoneSimulator = Debug|iPhoneSimulator
		Gorilla|Any CPU = Gorilla|Any CPU
		Gorilla|iPhone = Gorilla|iPhone
		Gorilla|iPhoneSimulator = Gorilla|iPhoneSimulator
		Release|Any CPU = Release|Any CPU
		Release|iPhone = Release|iPhone
		Release|iPhoneSimulator = Release|iPhoneSimulator
	EndGlobalSection
	GlobalSection(ProjectConfigurationPlatforms) = postSolution
		{EC35F9B5-1255-4613-B865-FF7FA07606A6}.Ad-Hoc|Any CPU.ActiveCfg = Debug|Any CPU
		{EC35F9B5-1255-4613-B865-FF7FA07606A6}.Ad-Hoc|Any CPU.Build.0 = Debug|Any CPU
		{EC35F9B5-1255-4613-B865-FF7FA07606A6}.Ad-Hoc|iPhone.ActiveCfg = Debug|Any CPU
		{EC35F9B5-1255-4613-B865-FF7FA07606A6}.Ad-Hoc|iPhone.Build.0 = Debug|Any CPU
		{EC35F9B5-1255-4613-B865-FF7FA07606A6}.Ad-Hoc|iPhoneSimulator.ActiveCfg = Debug|Any CPU
		{EC35F9B5-1255-4613-B865-FF7FA07606A6}.Ad-Hoc|iPhoneSimulator.Build.0 = Debug|Any CPU
		{EC35F9B5-1255-4613-B865-FF7FA07606A6}.AppStore|Any CPU.ActiveCfg = Debug|Any CPU
		{EC35F9B5-1255-4613-B865-FF7FA07606A6}.AppStore|Any CPU.Build.0 = Debug|Any CPU
		{EC35F9B5-1255-4613-B865-FF7FA07606A6}.AppStore|iPhone.ActiveCfg = Debug|Any CPU
		{EC35F9B5-1255-4613-B865-FF7FA07606A6}.AppStore|iPhone.Build.0 = Debug|Any CPU
		{EC35F9B5-1255-4613-B865-FF7FA07606A6}.AppStore|iPhoneSimulator.ActiveCfg = Debug|Any CPU
		{EC35F9B5-1255-4613-B865-FF7FA07606A6}.AppStore|iPhoneSimulator.Build.0 = Debug|Any CPU
		{EC35F9B5-1255-4613-B865-FF7FA07606A6}.Debug|Any CPU.ActiveCfg = Debug|Any CPU
		{EC35F9B5-1255-4613-B865-FF7FA07606A6}.Debug|Any CPU.Build.0 = Debug|Any CPU
		{EC35F9B5-1255-4613-B865-FF7FA07606A6}.Debug|iPhone.ActiveCfg = Debug|Any CPU
		{EC35F9B5-1255-4613-B865-FF7FA07606A6}.Debug|iPhone.Build.0 = Debug|Any CPU
		{EC35F9B5-1255-4613-B865-FF7FA07606A6}.Debug|iPhoneSimulator.ActiveCfg = Debug|Any CPU
		{EC35F9B5-1255-4613-B865-FF7FA07606A6}.Debug|iPhoneSimulator.Build.0 = Debug|Any CPU
		{EC35F9B5-1255-4613-B865-FF7FA07606A6}.Gorilla|Any CPU.ActiveCfg = Gorilla|Any CPU
		{EC35F9B5-1255-4613-B865-FF7FA07606A6}.Gorilla|Any CPU.Build.0 = Gorilla|Any CPU
		{EC35F9B5-1255-4613-B865-FF7FA07606A6}.Gorilla|iPhone.ActiveCfg = Gorilla|Any CPU
		{EC35F9B5-1255-4613-B865-FF7FA07606A6}.Gorilla|iPhone.Build.0 = Gorilla|Any CPU
		{EC35F9B5-1255-4613-B865-FF7FA07606A6}.Gorilla|iPhoneSimulator.ActiveCfg = Gorilla|Any CPU
		{EC35F9B5-1255-4613-B865-FF7FA07606A6}.Gorilla|iPhoneSimulator.Build.0 = Gorilla|Any CPU
		{EC35F9B5-1255-4613-B865-FF7FA07606A6}.Release|Any CPU.ActiveCfg = Release|Any CPU
		{EC35F9B5-1255-4613-B865-FF7FA07606A6}.Release|Any CPU.Build.0 = Release|Any CPU
		{EC35F9B5-1255-4613-B865-FF7FA07606A6}.Release|iPhone.ActiveCfg = Release|Any CPU
		{EC35F9B5-1255-4613-B865-FF7FA07606A6}.Release|iPhone.Build.0 = Release|Any CPU
		{EC35F9B5-1255-4613-B865-FF7FA07606A6}.Release|iPhoneSimulator.ActiveCfg = Release|Any CPU
		{EC35F9B5-1255-4613-B865-FF7FA07606A6}.Release|iPhoneSimulator.Build.0 = Release|Any CPU
		{E85A5F7F-DA7D-417F-A8AE-3138C03121DE}.Ad-Hoc|Any CPU.ActiveCfg = Gorilla|Any CPU
		{E85A5F7F-DA7D-417F-A8AE-3138C03121DE}.Ad-Hoc|Any CPU.Build.0 = Gorilla|Any CPU
		{E85A5F7F-DA7D-417F-A8AE-3138C03121DE}.Ad-Hoc|Any CPU.Deploy.0 = Gorilla|Any CPU
		{E85A5F7F-DA7D-417F-A8AE-3138C03121DE}.Ad-Hoc|iPhone.ActiveCfg = Gorilla|Any CPU
		{E85A5F7F-DA7D-417F-A8AE-3138C03121DE}.Ad-Hoc|iPhoneSimulator.ActiveCfg = Gorilla|Any CPU
		{E85A5F7F-DA7D-417F-A8AE-3138C03121DE}.Ad-Hoc|iPhoneSimulator.Build.0 = Gorilla|Any CPU
		{E85A5F7F-DA7D-417F-A8AE-3138C03121DE}.Ad-Hoc|iPhoneSimulator.Deploy.0 = Gorilla|Any CPU
		{E85A5F7F-DA7D-417F-A8AE-3138C03121DE}.AppStore|Any CPU.ActiveCfg = Gorilla|Any CPU
		{E85A5F7F-DA7D-417F-A8AE-3138C03121DE}.AppStore|Any CPU.Build.0 = Gorilla|Any CPU
		{E85A5F7F-DA7D-417F-A8AE-3138C03121DE}.AppStore|Any CPU.Deploy.0 = Gorilla|Any CPU
		{E85A5F7F-DA7D-417F-A8AE-3138C03121DE}.AppStore|iPhone.ActiveCfg = Gorilla|Any CPU
		{E85A5F7F-DA7D-417F-A8AE-3138C03121DE}.AppStore|iPhone.Build.0 = Gorilla|Any CPU
		{E85A5F7F-DA7D-417F-A8AE-3138C03121DE}.AppStore|iPhone.Deploy.0 = Gorilla|Any CPU
		{E85A5F7F-DA7D-417F-A8AE-3138C03121DE}.AppStore|iPhoneSimulator.ActiveCfg = Gorilla|Any CPU
		{E85A5F7F-DA7D-417F-A8AE-3138C03121DE}.AppStore|iPhoneSimulator.Build.0 = Gorilla|Any CPU
		{E85A5F7F-DA7D-417F-A8AE-3138C03121DE}.AppStore|iPhoneSimulator.Deploy.0 = Gorilla|Any CPU
		{E85A5F7F-DA7D-417F-A8AE-3138C03121DE}.Debug|Any CPU.ActiveCfg = Debug|Any CPU
		{E85A5F7F-DA7D-417F-A8AE-3138C03121DE}.Debug|Any CPU.Build.0 = Debug|Any CPU
		{E85A5F7F-DA7D-417F-A8AE-3138C03121DE}.Debug|Any CPU.Deploy.0 = Debug|Any CPU
		{E85A5F7F-DA7D-417F-A8AE-3138C03121DE}.Debug|iPhone.ActiveCfg = Debug|Any CPU
		{E85A5F7F-DA7D-417F-A8AE-3138C03121DE}.Debug|iPhone.Build.0 = Debug|Any CPU
		{E85A5F7F-DA7D-417F-A8AE-3138C03121DE}.Debug|iPhone.Deploy.0 = Debug|Any CPU
		{E85A5F7F-DA7D-417F-A8AE-3138C03121DE}.Debug|iPhoneSimulator.ActiveCfg = Debug|Any CPU
		{E85A5F7F-DA7D-417F-A8AE-3138C03121DE}.Debug|iPhoneSimulator.Build.0 = Debug|Any CPU
		{E85A5F7F-DA7D-417F-A8AE-3138C03121DE}.Debug|iPhoneSimulator.Deploy.0 = Debug|Any CPU
		{E85A5F7F-DA7D-417F-A8AE-3138C03121DE}.Gorilla|Any CPU.ActiveCfg = Gorilla|Any CPU
		{E85A5F7F-DA7D-417F-A8AE-3138C03121DE}.Gorilla|Any CPU.Build.0 = Gorilla|Any CPU
		{E85A5F7F-DA7D-417F-A8AE-3138C03121DE}.Gorilla|Any CPU.Deploy.0 = Gorilla|Any CPU
		{E85A5F7F-DA7D-417F-A8AE-3138C03121DE}.Gorilla|iPhone.ActiveCfg = Gorilla|Any CPU
		{E85A5F7F-DA7D-417F-A8AE-3138C03121DE}.Gorilla|iPhone.Build.0 = Gorilla|Any CPU
		{E85A5F7F-DA7D-417F-A8AE-3138C03121DE}.Gorilla|iPhone.Deploy.0 = Gorilla|Any CPU
		{E85A5F7F-DA7D-417F-A8AE-3138C03121DE}.Gorilla|iPhoneSimulator.ActiveCfg = Gorilla|Any CPU
		{E85A5F7F-DA7D-417F-A8AE-3138C03121DE}.Gorilla|iPhoneSimulator.Build.0 = Gorilla|Any CPU
		{E85A5F7F-DA7D-417F-A8AE-3138C03121DE}.Gorilla|iPhoneSimulator.Deploy.0 = Gorilla|Any CPU
		{E85A5F7F-DA7D-417F-A8AE-3138C03121DE}.Release|Any CPU.ActiveCfg = Release|Any CPU
		{E85A5F7F-DA7D-417F-A8AE-3138C03121DE}.Release|Any CPU.Build.0 = Release|Any CPU
		{E85A5F7F-DA7D-417F-A8AE-3138C03121DE}.Release|Any CPU.Deploy.0 = Release|Any CPU
		{E85A5F7F-DA7D-417F-A8AE-3138C03121DE}.Release|iPhone.ActiveCfg = Release|Any CPU
		{E85A5F7F-DA7D-417F-A8AE-3138C03121DE}.Release|iPhone.Build.0 = Release|Any CPU
		{E85A5F7F-DA7D-417F-A8AE-3138C03121DE}.Release|iPhone.Deploy.0 = Release|Any CPU
		{E85A5F7F-DA7D-417F-A8AE-3138C03121DE}.Release|iPhoneSimulator.ActiveCfg = Release|Any CPU
		{E85A5F7F-DA7D-417F-A8AE-3138C03121DE}.Release|iPhoneSimulator.Build.0 = Release|Any CPU
		{E85A5F7F-DA7D-417F-A8AE-3138C03121DE}.Release|iPhoneSimulator.Deploy.0 = Release|Any CPU
		{C5E413A2-5D83-4D67-A9B6-9B216E7689F9}.Ad-Hoc|Any CPU.ActiveCfg = Ad-Hoc|iPhone
		{C5E413A2-5D83-4D67-A9B6-9B216E7689F9}.Ad-Hoc|iPhone.ActiveCfg = Ad-Hoc|iPhone
		{C5E413A2-5D83-4D67-A9B6-9B216E7689F9}.Ad-Hoc|iPhone.Build.0 = Ad-Hoc|iPhone
		{C5E413A2-5D83-4D67-A9B6-9B216E7689F9}.Ad-Hoc|iPhoneSimulator.ActiveCfg = Ad-Hoc|iPhoneSimulator
		{C5E413A2-5D83-4D67-A9B6-9B216E7689F9}.Ad-Hoc|iPhoneSimulator.Build.0 = Ad-Hoc|iPhoneSimulator
		{C5E413A2-5D83-4D67-A9B6-9B216E7689F9}.AppStore|Any CPU.ActiveCfg = AppStore|iPhone
		{C5E413A2-5D83-4D67-A9B6-9B216E7689F9}.AppStore|iPhone.ActiveCfg = AppStore|iPhone
		{C5E413A2-5D83-4D67-A9B6-9B216E7689F9}.AppStore|iPhone.Build.0 = AppStore|iPhone
		{C5E413A2-5D83-4D67-A9B6-9B216E7689F9}.AppStore|iPhoneSimulator.ActiveCfg = AppStore|iPhoneSimulator
		{C5E413A2-5D83-4D67-A9B6-9B216E7689F9}.AppStore|iPhoneSimulator.Build.0 = AppStore|iPhoneSimulator
		{C5E413A2-5D83-4D67-A9B6-9B216E7689F9}.Debug|Any CPU.ActiveCfg = Debug|iPhone
		{C5E413A2-5D83-4D67-A9B6-9B216E7689F9}.Debug|iPhone.ActiveCfg = Debug|iPhone
		{C5E413A2-5D83-4D67-A9B6-9B216E7689F9}.Debug|iPhone.Build.0 = Debug|iPhone
		{C5E413A2-5D83-4D67-A9B6-9B216E7689F9}.Debug|iPhoneSimulator.ActiveCfg = Debug|iPhoneSimulator
		{C5E413A2-5D83-4D67-A9B6-9B216E7689F9}.Debug|iPhoneSimulator.Build.0 = Debug|iPhoneSimulator
		{C5E413A2-5D83-4D67-A9B6-9B216E7689F9}.Gorilla|Any CPU.ActiveCfg = Gorilla|iPhone
		{C5E413A2-5D83-4D67-A9B6-9B216E7689F9}.Gorilla|iPhone.ActiveCfg = Gorilla|iPhone
		{C5E413A2-5D83-4D67-A9B6-9B216E7689F9}.Gorilla|iPhone.Build.0 = Gorilla|iPhone
		{C5E413A2-5D83-4D67-A9B6-9B216E7689F9}.Gorilla|iPhoneSimulator.ActiveCfg = Gorilla|iPhoneSimulator
		{C5E413A2-5D83-4D67-A9B6-9B216E7689F9}.Gorilla|iPhoneSimulator.Build.0 = Gorilla|iPhoneSimulator
		{C5E413A2-5D83-4D67-A9B6-9B216E7689F9}.Release|Any CPU.ActiveCfg = Release|iPhone
		{C5E413A2-5D83-4D67-A9B6-9B216E7689F9}.Release|iPhone.ActiveCfg = Release|iPhone
		{C5E413A2-5D83-4D67-A9B6-9B216E7689F9}.Release|iPhone.Build.0 = Release|iPhone
		{C5E413A2-5D83-4D67-A9B6-9B216E7689F9}.Release|iPhoneSimulator.ActiveCfg = Release|iPhoneSimulator
		{C5E413A2-5D83-4D67-A9B6-9B216E7689F9}.Release|iPhoneSimulator.Build.0 = Release|iPhoneSimulator
		{E7FE6690-DC37-46AD-AE52-710028F17034}.Ad-Hoc|Any CPU.ActiveCfg = Debug|Any CPU
		{E7FE6690-DC37-46AD-AE52-710028F17034}.Ad-Hoc|Any CPU.Build.0 = Debug|Any CPU
		{E7FE6690-DC37-46AD-AE52-710028F17034}.Ad-Hoc|iPhone.ActiveCfg = Debug|Any CPU
		{E7FE6690-DC37-46AD-AE52-710028F17034}.Ad-Hoc|iPhone.Build.0 = Debug|Any CPU
		{E7FE6690-DC37-46AD-AE52-710028F17034}.Ad-Hoc|iPhoneSimulator.ActiveCfg = Debug|Any CPU
		{E7FE6690-DC37-46AD-AE52-710028F17034}.Ad-Hoc|iPhoneSimulator.Build.0 = Debug|Any CPU
		{E7FE6690-DC37-46AD-AE52-710028F17034}.AppStore|Any CPU.ActiveCfg = Debug|Any CPU
		{E7FE6690-DC37-46AD-AE52-710028F17034}.AppStore|Any CPU.Build.0 = Debug|Any CPU
		{E7FE6690-DC37-46AD-AE52-710028F17034}.AppStore|iPhone.ActiveCfg = Debug|Any CPU
		{E7FE6690-DC37-46AD-AE52-710028F17034}.AppStore|iPhone.Build.0 = Debug|Any CPU
		{E7FE6690-DC37-46AD-AE52-710028F17034}.AppStore|iPhoneSimulator.ActiveCfg = Debug|Any CPU
		{E7FE6690-DC37-46AD-AE52-710028F17034}.AppStore|iPhoneSimulator.Build.0 = Debug|Any CPU
		{E7FE6690-DC37-46AD-AE52-710028F17034}.Debug|Any CPU.ActiveCfg = Debug|Any CPU
		{E7FE6690-DC37-46AD-AE52-710028F17034}.Debug|Any CPU.Build.0 = Debug|Any CPU
		{E7FE6690-DC37-46AD-AE52-710028F17034}.Debug|iPhone.ActiveCfg = Debug|Any CPU
		{E7FE6690-DC37-46AD-AE52-710028F17034}.Debug|iPhone.Build.0 = Debug|Any CPU
		{E7FE6690-DC37-46AD-AE52-710028F17034}.Debug|iPhoneSimulator.ActiveCfg = Debug|Any CPU
		{E7FE6690-DC37-46AD-AE52-710028F17034}.Debug|iPhoneSimulator.Build.0 = Debug|Any CPU
		{E7FE6690-DC37-46AD-AE52-710028F17034}.Gorilla|Any CPU.ActiveCfg = Gorilla|Any CPU
		{E7FE6690-DC37-46AD-AE52-710028F17034}.Gorilla|Any CPU.Build.0 = Gorilla|Any CPU
		{E7FE6690-DC37-46AD-AE52-710028F17034}.Gorilla|iPhone.ActiveCfg = Gorilla|Any CPU
		{E7FE6690-DC37-46AD-AE52-710028F17034}.Gorilla|iPhone.Build.0 = Gorilla|Any CPU
		{E7FE6690-DC37-46AD-AE52-710028F17034}.Gorilla|iPhoneSimulator.ActiveCfg = Gorilla|Any CPU
		{E7FE6690-DC37-46AD-AE52-710028F17034}.Gorilla|iPhoneSimulator.Build.0 = Gorilla|Any CPU
		{E7FE6690-DC37-46AD-AE52-710028F17034}.Release|Any CPU.ActiveCfg = Release|Any CPU
		{E7FE6690-DC37-46AD-AE52-710028F17034}.Release|Any CPU.Build.0 = Release|Any CPU
		{E7FE6690-DC37-46AD-AE52-710028F17034}.Release|iPhone.ActiveCfg = Release|Any CPU
		{E7FE6690-DC37-46AD-AE52-710028F17034}.Release|iPhone.Build.0 = Release|Any CPU
		{E7FE6690-DC37-46AD-AE52-710028F17034}.Release|iPhoneSimulator.ActiveCfg = Release|Any CPU
		{E7FE6690-DC37-46AD-AE52-710028F17034}.Release|iPhoneSimulator.Build.0 = Release|Any CPU
		{B59722CF-FE6B-4B28-B406-6241B25B1246}.Ad-Hoc|Any CPU.ActiveCfg = Debug|Any CPU
		{B59722CF-FE6B-4B28-B406-6241B25B1246}.Ad-Hoc|Any CPU.Build.0 = Debug|Any CPU
		{B59722CF-FE6B-4B28-B406-6241B25B1246}.Ad-Hoc|iPhone.ActiveCfg = Debug|Any CPU
		{B59722CF-FE6B-4B28-B406-6241B25B1246}.Ad-Hoc|iPhone.Build.0 = Debug|Any CPU
		{B59722CF-FE6B-4B28-B406-6241B25B1246}.Ad-Hoc|iPhoneSimulator.ActiveCfg = Debug|Any CPU
		{B59722CF-FE6B-4B28-B406-6241B25B1246}.Ad-Hoc|iPhoneSimulator.Build.0 = Debug|Any CPU
		{B59722CF-FE6B-4B28-B406-6241B25B1246}.AppStore|Any CPU.ActiveCfg = Debug|Any CPU
		{B59722CF-FE6B-4B28-B406-6241B25B1246}.AppStore|Any CPU.Build.0 = Debug|Any CPU
		{B59722CF-FE6B-4B28-B406-6241B25B1246}.AppStore|iPhone.ActiveCfg = Debug|Any CPU
		{B59722CF-FE6B-4B28-B406-6241B25B1246}.AppStore|iPhone.Build.0 = Debug|Any CPU
		{B59722CF-FE6B-4B28-B406-6241B25B1246}.AppStore|iPhoneSimulator.ActiveCfg = Debug|Any CPU
		{B59722CF-FE6B-4B28-B406-6241B25B1246}.AppStore|iPhoneSimulator.Build.0 = Debug|Any CPU
		{B59722CF-FE6B-4B28-B406-6241B25B1246}.Debug|Any CPU.ActiveCfg = Debug|Any CPU
		{B59722CF-FE6B-4B28-B406-6241B25B1246}.Debug|Any CPU.Build.0 = Debug|Any CPU
		{B59722CF-FE6B-4B28-B406-6241B25B1246}.Debug|iPhone.ActiveCfg = Debug|Any CPU
		{B59722CF-FE6B-4B28-B406-6241B25B1246}.Debug|iPhone.Build.0 = Debug|Any CPU
		{B59722CF-FE6B-4B28-B406-6241B25B1246}.Debug|iPhoneSimulator.ActiveCfg = Debug|Any CPU
		{B59722CF-FE6B-4B28-B406-6241B25B1246}.Debug|iPhoneSimulator.Build.0 = Debug|Any CPU
		{B59722CF-FE6B-4B28-B406-6241B25B1246}.Gorilla|Any CPU.ActiveCfg = Debug|Any CPU
		{B59722CF-FE6B-4B28-B406-6241B25B1246}.Gorilla|Any CPU.Build.0 = Debug|Any CPU
		{B59722CF-FE6B-4B28-B406-6241B25B1246}.Gorilla|iPhone.ActiveCfg = Debug|Any CPU
		{B59722CF-FE6B-4B28-B406-6241B25B1246}.Gorilla|iPhone.Build.0 = Debug|Any CPU
		{B59722CF-FE6B-4B28-B406-6241B25B1246}.Gorilla|iPhoneSimulator.ActiveCfg = Debug|Any CPU
		{B59722CF-FE6B-4B28-B406-6241B25B1246}.Gorilla|iPhoneSimulator.Build.0 = Debug|Any CPU
		{B59722CF-FE6B-4B28-B406-6241B25B1246}.Release|Any CPU.ActiveCfg = Release|Any CPU
		{B59722CF-FE6B-4B28-B406-6241B25B1246}.Release|Any CPU.Build.0 = Release|Any CPU
		{B59722CF-FE6B-4B28-B406-6241B25B1246}.Release|iPhone.ActiveCfg = Release|Any CPU
		{B59722CF-FE6B-4B28-B406-6241B25B1246}.Release|iPhone.Build.0 = Release|Any CPU
		{B59722CF-FE6B-4B28-B406-6241B25B1246}.Release|iPhoneSimulator.ActiveCfg = Release|Any CPU
		{B59722CF-FE6B-4B28-B406-6241B25B1246}.Release|iPhoneSimulator.Build.0 = Release|Any CPU
		{9370560F-5899-433A-BBF3-FBABBD68A19B}.Ad-Hoc|Any CPU.ActiveCfg = Debug|Any CPU
		{9370560F-5899-433A-BBF3-FBABBD68A19B}.Ad-Hoc|Any CPU.Build.0 = Debug|Any CPU
		{9370560F-5899-433A-BBF3-FBABBD68A19B}.Ad-Hoc|iPhone.ActiveCfg = Debug|Any CPU
		{9370560F-5899-433A-BBF3-FBABBD68A19B}.Ad-Hoc|iPhone.Build.0 = Debug|Any CPU
		{9370560F-5899-433A-BBF3-FBABBD68A19B}.Ad-Hoc|iPhoneSimulator.ActiveCfg = Debug|Any CPU
		{9370560F-5899-433A-BBF3-FBABBD68A19B}.Ad-Hoc|iPhoneSimulator.Build.0 = Debug|Any CPU
		{9370560F-5899-433A-BBF3-FBABBD68A19B}.AppStore|Any CPU.ActiveCfg = Debug|Any CPU
		{9370560F-5899-433A-BBF3-FBABBD68A19B}.AppStore|Any CPU.Build.0 = Debug|Any CPU
		{9370560F-5899-433A-BBF3-FBABBD68A19B}.AppStore|iPhone.ActiveCfg = Debug|Any CPU
		{9370560F-5899-433A-BBF3-FBABBD68A19B}.AppStore|iPhone.Build.0 = Debug|Any CPU
		{9370560F-5899-433A-BBF3-FBABBD68A19B}.AppStore|iPhoneSimulator.ActiveCfg = Debug|Any CPU
		{9370560F-5899-433A-BBF3-FBABBD68A19B}.AppStore|iPhoneSimulator.Build.0 = Debug|Any CPU
		{9370560F-5899-433A-BBF3-FBABBD68A19B}.Debug|Any CPU.ActiveCfg = Debug|Any CPU
		{9370560F-5899-433A-BBF3-FBABBD68A19B}.Debug|Any CPU.Build.0 = Debug|Any CPU
		{9370560F-5899-433A-BBF3-FBABBD68A19B}.Debug|iPhone.ActiveCfg = Debug|Any CPU
		{9370560F-5899-433A-BBF3-FBABBD68A19B}.Debug|iPhone.Build.0 = Debug|Any CPU
		{9370560F-5899-433A-BBF3-FBABBD68A19B}.Debug|iPhoneSimulator.ActiveCfg = Debug|Any CPU
		{9370560F-5899-433A-BBF3-FBABBD68A19B}.Debug|iPhoneSimulator.Build.0 = Debug|Any CPU
		{9370560F-5899-433A-BBF3-FBABBD68A19B}.Gorilla|Any CPU.ActiveCfg = Debug|Any CPU
		{9370560F-5899-433A-BBF3-FBABBD68A19B}.Gorilla|Any CPU.Build.0 = Debug|Any CPU
		{9370560F-5899-433A-BBF3-FBABBD68A19B}.Gorilla|iPhone.ActiveCfg = Debug|Any CPU
		{9370560F-5899-433A-BBF3-FBABBD68A19B}.Gorilla|iPhone.Build.0 = Debug|Any CPU
		{9370560F-5899-433A-BBF3-FBABBD68A19B}.Gorilla|iPhoneSimulator.ActiveCfg = Debug|Any CPU
		{9370560F-5899-433A-BBF3-FBABBD68A19B}.Gorilla|iPhoneSimulator.Build.0 = Debug|Any CPU
		{9370560F-5899-433A-BBF3-FBABBD68A19B}.Release|Any CPU.ActiveCfg = Release|Any CPU
		{9370560F-5899-433A-BBF3-FBABBD68A19B}.Release|Any CPU.Build.0 = Release|Any CPU
		{9370560F-5899-433A-BBF3-FBABBD68A19B}.Release|iPhone.ActiveCfg = Release|Any CPU
		{9370560F-5899-433A-BBF3-FBABBD68A19B}.Release|iPhone.Build.0 = Release|Any CPU
		{9370560F-5899-433A-BBF3-FBABBD68A19B}.Release|iPhoneSimulator.ActiveCfg = Release|Any CPU
		{9370560F-5899-433A-BBF3-FBABBD68A19B}.Release|iPhoneSimulator.Build.0 = Release|Any CPU
		{7B8DA71E-7460-4A6A-9742-A07B0067509B}.Ad-Hoc|Any CPU.ActiveCfg = Debug|Any CPU
		{7B8DA71E-7460-4A6A-9742-A07B0067509B}.Ad-Hoc|Any CPU.Build.0 = Debug|Any CPU
		{7B8DA71E-7460-4A6A-9742-A07B0067509B}.Ad-Hoc|iPhone.ActiveCfg = Debug|Any CPU
		{7B8DA71E-7460-4A6A-9742-A07B0067509B}.Ad-Hoc|iPhone.Build.0 = Debug|Any CPU
		{7B8DA71E-7460-4A6A-9742-A07B0067509B}.Ad-Hoc|iPhoneSimulator.ActiveCfg = Debug|Any CPU
		{7B8DA71E-7460-4A6A-9742-A07B0067509B}.Ad-Hoc|iPhoneSimulator.Build.0 = Debug|Any CPU
		{7B8DA71E-7460-4A6A-9742-A07B0067509B}.AppStore|Any CPU.ActiveCfg = Debug|Any CPU
		{7B8DA71E-7460-4A6A-9742-A07B0067509B}.AppStore|Any CPU.Build.0 = Debug|Any CPU
		{7B8DA71E-7460-4A6A-9742-A07B0067509B}.AppStore|iPhone.ActiveCfg = Debug|Any CPU
		{7B8DA71E-7460-4A6A-9742-A07B0067509B}.AppStore|iPhone.Build.0 = Debug|Any CPU
		{7B8DA71E-7460-4A6A-9742-A07B0067509B}.AppStore|iPhoneSimulator.ActiveCfg = Debug|Any CPU
		{7B8DA71E-7460-4A6A-9742-A07B0067509B}.AppStore|iPhoneSimulator.Build.0 = Debug|Any CPU
		{7B8DA71E-7460-4A6A-9742-A07B0067509B}.Debug|Any CPU.ActiveCfg = Debug|Any CPU
		{7B8DA71E-7460-4A6A-9742-A07B0067509B}.Debug|Any CPU.Build.0 = Debug|Any CPU
		{7B8DA71E-7460-4A6A-9742-A07B0067509B}.Debug|iPhone.ActiveCfg = Debug|Any CPU
		{7B8DA71E-7460-4A6A-9742-A07B0067509B}.Debug|iPhone.Build.0 = Debug|Any CPU
		{7B8DA71E-7460-4A6A-9742-A07B0067509B}.Debug|iPhoneSimulator.ActiveCfg = Debug|Any CPU
		{7B8DA71E-7460-4A6A-9742-A07B0067509B}.Debug|iPhoneSimulator.Build.0 = Debug|Any CPU
		{7B8DA71E-7460-4A6A-9742-A07B0067509B}.Gorilla|Any CPU.ActiveCfg = Debug|Any CPU
		{7B8DA71E-7460-4A6A-9742-A07B0067509B}.Gorilla|Any CPU.Build.0 = Debug|Any CPU
		{7B8DA71E-7460-4A6A-9742-A07B0067509B}.Gorilla|iPhone.ActiveCfg = Debug|Any CPU
		{7B8DA71E-7460-4A6A-9742-A07B0067509B}.Gorilla|iPhone.Build.0 = Debug|Any CPU
		{7B8DA71E-7460-4A6A-9742-A07B0067509B}.Gorilla|iPhoneSimulator.ActiveCfg = Debug|Any CPU
		{7B8DA71E-7460-4A6A-9742-A07B0067509B}.Gorilla|iPhoneSimulator.Build.0 = Debug|Any CPU
		{7B8DA71E-7460-4A6A-9742-A07B0067509B}.Release|Any CPU.ActiveCfg = Release|Any CPU
		{7B8DA71E-7460-4A6A-9742-A07B0067509B}.Release|Any CPU.Build.0 = Release|Any CPU
		{7B8DA71E-7460-4A6A-9742-A07B0067509B}.Release|iPhone.ActiveCfg = Release|Any CPU
		{7B8DA71E-7460-4A6A-9742-A07B0067509B}.Release|iPhone.Build.0 = Release|Any CPU
		{7B8DA71E-7460-4A6A-9742-A07B0067509B}.Release|iPhoneSimulator.ActiveCfg = Release|Any CPU
		{7B8DA71E-7460-4A6A-9742-A07B0067509B}.Release|iPhoneSimulator.Build.0 = Release|Any CPU
		{3991F227-0AE7-490E-8C4A-875A98C2316D}.Ad-Hoc|Any CPU.ActiveCfg = Debug|Any CPU
		{3991F227-0AE7-490E-8C4A-875A98C2316D}.Ad-Hoc|Any CPU.Build.0 = Debug|Any CPU
		{3991F227-0AE7-490E-8C4A-875A98C2316D}.Ad-Hoc|iPhone.ActiveCfg = Debug|Any CPU
		{3991F227-0AE7-490E-8C4A-875A98C2316D}.Ad-Hoc|iPhone.Build.0 = Debug|Any CPU
		{3991F227-0AE7-490E-8C4A-875A98C2316D}.Ad-Hoc|iPhoneSimulator.ActiveCfg = Debug|Any CPU
		{3991F227-0AE7-490E-8C4A-875A98C2316D}.Ad-Hoc|iPhoneSimulator.Build.0 = Debug|Any CPU
		{3991F227-0AE7-490E-8C4A-875A98C2316D}.AppStore|Any CPU.ActiveCfg = Debug|Any CPU
		{3991F227-0AE7-490E-8C4A-875A98C2316D}.AppStore|Any CPU.Build.0 = Debug|Any CPU
		{3991F227-0AE7-490E-8C4A-875A98C2316D}.AppStore|iPhone.ActiveCfg = Debug|Any CPU
		{3991F227-0AE7-490E-8C4A-875A98C2316D}.AppStore|iPhone.Build.0 = Debug|Any CPU
		{3991F227-0AE7-490E-8C4A-875A98C2316D}.AppStore|iPhoneSimulator.ActiveCfg = Debug|Any CPU
		{3991F227-0AE7-490E-8C4A-875A98C2316D}.AppStore|iPhoneSimulator.Build.0 = Debug|Any CPU
		{3991F227-0AE7-490E-8C4A-875A98C2316D}.Debug|Any CPU.ActiveCfg = Debug|Any CPU
		{3991F227-0AE7-490E-8C4A-875A98C2316D}.Debug|Any CPU.Build.0 = Debug|Any CPU
		{3991F227-0AE7-490E-8C4A-875A98C2316D}.Debug|iPhone.ActiveCfg = Debug|Any CPU
		{3991F227-0AE7-490E-8C4A-875A98C2316D}.Debug|iPhone.Build.0 = Debug|Any CPU
		{3991F227-0AE7-490E-8C4A-875A98C2316D}.Debug|iPhoneSimulator.ActiveCfg = Debug|Any CPU
		{3991F227-0AE7-490E-8C4A-875A98C2316D}.Debug|iPhoneSimulator.Build.0 = Debug|Any CPU
		{3991F227-0AE7-490E-8C4A-875A98C2316D}.Gorilla|Any CPU.ActiveCfg = Debug|Any CPU
		{3991F227-0AE7-490E-8C4A-875A98C2316D}.Gorilla|Any CPU.Build.0 = Debug|Any CPU
		{3991F227-0AE7-490E-8C4A-875A98C2316D}.Gorilla|iPhone.ActiveCfg = Debug|Any CPU
		{3991F227-0AE7-490E-8C4A-875A98C2316D}.Gorilla|iPhone.Build.0 = Debug|Any CPU
		{3991F227-0AE7-490E-8C4A-875A98C2316D}.Gorilla|iPhoneSimulator.ActiveCfg = Debug|Any CPU
		{3991F227-0AE7-490E-8C4A-875A98C2316D}.Gorilla|iPhoneSimulator.Build.0 = Debug|Any CPU
		{3991F227-0AE7-490E-8C4A-875A98C2316D}.Release|Any CPU.ActiveCfg = Release|Any CPU
		{3991F227-0AE7-490E-8C4A-875A98C2316D}.Release|Any CPU.Build.0 = Release|Any CPU
		{3991F227-0AE7-490E-8C4A-875A98C2316D}.Release|iPhone.ActiveCfg = Release|Any CPU
		{3991F227-0AE7-490E-8C4A-875A98C2316D}.Release|iPhone.Build.0 = Release|Any CPU
		{3991F227-0AE7-490E-8C4A-875A98C2316D}.Release|iPhoneSimulator.ActiveCfg = Release|Any CPU
		{3991F227-0AE7-490E-8C4A-875A98C2316D}.Release|iPhoneSimulator.Build.0 = Release|Any CPU
		{DD23B4D4-CD8C-4AF5-90A7-9D8BFAC46938}.Ad-Hoc|Any CPU.ActiveCfg = Debug|Any CPU
		{DD23B4D4-CD8C-4AF5-90A7-9D8BFAC46938}.Ad-Hoc|Any CPU.Build.0 = Debug|Any CPU
		{DD23B4D4-CD8C-4AF5-90A7-9D8BFAC46938}.Ad-Hoc|iPhone.ActiveCfg = Debug|Any CPU
		{DD23B4D4-CD8C-4AF5-90A7-9D8BFAC46938}.Ad-Hoc|iPhone.Build.0 = Debug|Any CPU
		{DD23B4D4-CD8C-4AF5-90A7-9D8BFAC46938}.Ad-Hoc|iPhoneSimulator.ActiveCfg = Debug|Any CPU
		{DD23B4D4-CD8C-4AF5-90A7-9D8BFAC46938}.Ad-Hoc|iPhoneSimulator.Build.0 = Debug|Any CPU
		{DD23B4D4-CD8C-4AF5-90A7-9D8BFAC46938}.AppStore|Any CPU.ActiveCfg = Debug|Any CPU
		{DD23B4D4-CD8C-4AF5-90A7-9D8BFAC46938}.AppStore|Any CPU.Build.0 = Debug|Any CPU
		{DD23B4D4-CD8C-4AF5-90A7-9D8BFAC46938}.AppStore|iPhone.ActiveCfg = Debug|Any CPU
		{DD23B4D4-CD8C-4AF5-90A7-9D8BFAC46938}.AppStore|iPhone.Build.0 = Debug|Any CPU
		{DD23B4D4-CD8C-4AF5-90A7-9D8BFAC46938}.AppStore|iPhoneSimulator.ActiveCfg = Debug|Any CPU
		{DD23B4D4-CD8C-4AF5-90A7-9D8BFAC46938}.AppStore|iPhoneSimulator.Build.0 = Debug|Any CPU
		{DD23B4D4-CD8C-4AF5-90A7-9D8BFAC46938}.Debug|Any CPU.ActiveCfg = Debug|Any CPU
		{DD23B4D4-CD8C-4AF5-90A7-9D8BFAC46938}.Debug|Any CPU.Build.0 = Debug|Any CPU
		{DD23B4D4-CD8C-4AF5-90A7-9D8BFAC46938}.Debug|iPhone.ActiveCfg = Debug|Any CPU
		{DD23B4D4-CD8C-4AF5-90A7-9D8BFAC46938}.Debug|iPhone.Build.0 = Debug|Any CPU
		{DD23B4D4-CD8C-4AF5-90A7-9D8BFAC46938}.Debug|iPhoneSimulator.ActiveCfg = Debug|Any CPU
		{DD23B4D4-CD8C-4AF5-90A7-9D8BFAC46938}.Debug|iPhoneSimulator.Build.0 = Debug|Any CPU
		{DD23B4D4-CD8C-4AF5-90A7-9D8BFAC46938}.Gorilla|Any CPU.ActiveCfg = Debug|Any CPU
		{DD23B4D4-CD8C-4AF5-90A7-9D8BFAC46938}.Gorilla|Any CPU.Build.0 = Debug|Any CPU
		{DD23B4D4-CD8C-4AF5-90A7-9D8BFAC46938}.Gorilla|iPhone.ActiveCfg = Debug|Any CPU
		{DD23B4D4-CD8C-4AF5-90A7-9D8BFAC46938}.Gorilla|iPhone.Build.0 = Debug|Any CPU
		{DD23B4D4-CD8C-4AF5-90A7-9D8BFAC46938}.Gorilla|iPhoneSimulator.ActiveCfg = Debug|Any CPU
		{DD23B4D4-CD8C-4AF5-90A7-9D8BFAC46938}.Gorilla|iPhoneSimulator.Build.0 = Debug|Any CPU
		{DD23B4D4-CD8C-4AF5-90A7-9D8BFAC46938}.Release|Any CPU.ActiveCfg = Release|Any CPU
		{DD23B4D4-CD8C-4AF5-90A7-9D8BFAC46938}.Release|Any CPU.Build.0 = Release|Any CPU
		{DD23B4D4-CD8C-4AF5-90A7-9D8BFAC46938}.Release|iPhone.ActiveCfg = Release|Any CPU
		{DD23B4D4-CD8C-4AF5-90A7-9D8BFAC46938}.Release|iPhone.Build.0 = Release|Any CPU
		{DD23B4D4-CD8C-4AF5-90A7-9D8BFAC46938}.Release|iPhoneSimulator.ActiveCfg = Release|Any CPU
		{DD23B4D4-CD8C-4AF5-90A7-9D8BFAC46938}.Release|iPhoneSimulator.Build.0 = Release|Any CPU
		{54E46A34-6B2A-4646-AEE6-5BFF12E64449}.Ad-Hoc|Any CPU.ActiveCfg = Debug|Any CPU
		{54E46A34-6B2A-4646-AEE6-5BFF12E64449}.Ad-Hoc|Any CPU.Build.0 = Debug|Any CPU
		{54E46A34-6B2A-4646-AEE6-5BFF12E64449}.Ad-Hoc|iPhone.ActiveCfg = Debug|Any CPU
		{54E46A34-6B2A-4646-AEE6-5BFF12E64449}.Ad-Hoc|iPhone.Build.0 = Debug|Any CPU
		{54E46A34-6B2A-4646-AEE6-5BFF12E64449}.Ad-Hoc|iPhoneSimulator.ActiveCfg = Debug|Any CPU
		{54E46A34-6B2A-4646-AEE6-5BFF12E64449}.Ad-Hoc|iPhoneSimulator.Build.0 = Debug|Any CPU
		{54E46A34-6B2A-4646-AEE6-5BFF12E64449}.AppStore|Any CPU.ActiveCfg = Debug|Any CPU
		{54E46A34-6B2A-4646-AEE6-5BFF12E64449}.AppStore|Any CPU.Build.0 = Debug|Any CPU
		{54E46A34-6B2A-4646-AEE6-5BFF12E64449}.AppStore|iPhone.ActiveCfg = Debug|Any CPU
		{54E46A34-6B2A-4646-AEE6-5BFF12E64449}.AppStore|iPhone.Build.0 = Debug|Any CPU
		{54E46A34-6B2A-4646-AEE6-5BFF12E64449}.AppStore|iPhoneSimulator.ActiveCfg = Debug|Any CPU
		{54E46A34-6B2A-4646-AEE6-5BFF12E64449}.AppStore|iPhoneSimulator.Build.0 = Debug|Any CPU
		{54E46A34-6B2A-4646-AEE6-5BFF12E64449}.Debug|Any CPU.ActiveCfg = Debug|Any CPU
		{54E46A34-6B2A-4646-AEE6-5BFF12E64449}.Debug|Any CPU.Build.0 = Debug|Any CPU
		{54E46A34-6B2A-4646-AEE6-5BFF12E64449}.Debug|iPhone.ActiveCfg = Debug|Any CPU
		{54E46A34-6B2A-4646-AEE6-5BFF12E64449}.Debug|iPhone.Build.0 = Debug|Any CPU
		{54E46A34-6B2A-4646-AEE6-5BFF12E64449}.Debug|iPhoneSimulator.ActiveCfg = Debug|Any CPU
		{54E46A34-6B2A-4646-AEE6-5BFF12E64449}.Debug|iPhoneSimulator.Build.0 = Debug|Any CPU
		{54E46A34-6B2A-4646-AEE6-5BFF12E64449}.Gorilla|Any CPU.ActiveCfg = Debug|Any CPU
		{54E46A34-6B2A-4646-AEE6-5BFF12E64449}.Gorilla|Any CPU.Build.0 = Debug|Any CPU
		{54E46A34-6B2A-4646-AEE6-5BFF12E64449}.Gorilla|iPhone.ActiveCfg = Debug|Any CPU
		{54E46A34-6B2A-4646-AEE6-5BFF12E64449}.Gorilla|iPhone.Build.0 = Debug|Any CPU
		{54E46A34-6B2A-4646-AEE6-5BFF12E64449}.Gorilla|iPhoneSimulator.ActiveCfg = Debug|Any CPU
		{54E46A34-6B2A-4646-AEE6-5BFF12E64449}.Gorilla|iPhoneSimulator.Build.0 = Debug|Any CPU
		{54E46A34-6B2A-4646-AEE6-5BFF12E64449}.Release|Any CPU.ActiveCfg = Release|Any CPU
		{54E46A34-6B2A-4646-AEE6-5BFF12E64449}.Release|Any CPU.Build.0 = Release|Any CPU
		{54E46A34-6B2A-4646-AEE6-5BFF12E64449}.Release|iPhone.ActiveCfg = Release|Any CPU
		{54E46A34-6B2A-4646-AEE6-5BFF12E64449}.Release|iPhone.Build.0 = Release|Any CPU
		{54E46A34-6B2A-4646-AEE6-5BFF12E64449}.Release|iPhoneSimulator.ActiveCfg = Release|Any CPU
		{54E46A34-6B2A-4646-AEE6-5BFF12E64449}.Release|iPhoneSimulator.Build.0 = Release|Any CPU
		{29F9DDB1-BC23-4C86-A20D-F918DBD4559E}.Ad-Hoc|Any CPU.ActiveCfg = Debug|Any CPU
		{29F9DDB1-BC23-4C86-A20D-F918DBD4559E}.Ad-Hoc|Any CPU.Build.0 = Debug|Any CPU
		{29F9DDB1-BC23-4C86-A20D-F918DBD4559E}.Ad-Hoc|iPhone.ActiveCfg = Debug|Any CPU
		{29F9DDB1-BC23-4C86-A20D-F918DBD4559E}.Ad-Hoc|iPhone.Build.0 = Debug|Any CPU
		{29F9DDB1-BC23-4C86-A20D-F918DBD4559E}.Ad-Hoc|iPhoneSimulator.ActiveCfg = Debug|Any CPU
		{29F9DDB1-BC23-4C86-A20D-F918DBD4559E}.Ad-Hoc|iPhoneSimulator.Build.0 = Debug|Any CPU
		{29F9DDB1-BC23-4C86-A20D-F918DBD4559E}.AppStore|Any CPU.ActiveCfg = Debug|Any CPU
		{29F9DDB1-BC23-4C86-A20D-F918DBD4559E}.AppStore|Any CPU.Build.0 = Debug|Any CPU
		{29F9DDB1-BC23-4C86-A20D-F918DBD4559E}.AppStore|iPhone.ActiveCfg = Debug|Any CPU
		{29F9DDB1-BC23-4C86-A20D-F918DBD4559E}.AppStore|iPhone.Build.0 = Debug|Any CPU
		{29F9DDB1-BC23-4C86-A20D-F918DBD4559E}.AppStore|iPhoneSimulator.ActiveCfg = Debug|Any CPU
		{29F9DDB1-BC23-4C86-A20D-F918DBD4559E}.AppStore|iPhoneSimulator.Build.0 = Debug|Any CPU
		{29F9DDB1-BC23-4C86-A20D-F918DBD4559E}.Debug|Any CPU.ActiveCfg = Debug|Any CPU
		{29F9DDB1-BC23-4C86-A20D-F918DBD4559E}.Debug|Any CPU.Build.0 = Debug|Any CPU
		{29F9DDB1-BC23-4C86-A20D-F918DBD4559E}.Debug|iPhone.ActiveCfg = Debug|Any CPU
		{29F9DDB1-BC23-4C86-A20D-F918DBD4559E}.Debug|iPhone.Build.0 = Debug|Any CPU
		{29F9DDB1-BC23-4C86-A20D-F918DBD4559E}.Debug|iPhoneSimulator.ActiveCfg = Debug|Any CPU
		{29F9DDB1-BC23-4C86-A20D-F918DBD4559E}.Debug|iPhoneSimulator.Build.0 = Debug|Any CPU
		{29F9DDB1-BC23-4C86-A20D-F918DBD4559E}.Gorilla|Any CPU.ActiveCfg = Debug|Any CPU
		{29F9DDB1-BC23-4C86-A20D-F918DBD4559E}.Gorilla|Any CPU.Build.0 = Debug|Any CPU
		{29F9DDB1-BC23-4C86-A20D-F918DBD4559E}.Gorilla|iPhone.ActiveCfg = Debug|Any CPU
		{29F9DDB1-BC23-4C86-A20D-F918DBD4559E}.Gorilla|iPhone.Build.0 = Debug|Any CPU
		{29F9DDB1-BC23-4C86-A20D-F918DBD4559E}.Gorilla|iPhoneSimulator.ActiveCfg = Debug|Any CPU
		{29F9DDB1-BC23-4C86-A20D-F918DBD4559E}.Gorilla|iPhoneSimulator.Build.0 = Debug|Any CPU
		{29F9DDB1-BC23-4C86-A20D-F918DBD4559E}.Release|Any CPU.ActiveCfg = Release|Any CPU
		{29F9DDB1-BC23-4C86-A20D-F918DBD4559E}.Release|Any CPU.Build.0 = Release|Any CPU
		{29F9DDB1-BC23-4C86-A20D-F918DBD4559E}.Release|iPhone.ActiveCfg = Release|Any CPU
		{29F9DDB1-BC23-4C86-A20D-F918DBD4559E}.Release|iPhone.Build.0 = Release|Any CPU
		{29F9DDB1-BC23-4C86-A20D-F918DBD4559E}.Release|iPhoneSimulator.ActiveCfg = Release|Any CPU
		{29F9DDB1-BC23-4C86-A20D-F918DBD4559E}.Release|iPhoneSimulator.Build.0 = Release|Any CPU
		{8FC4290E-79C2-4996-B6FD-B4D9F6344A8C}.Ad-Hoc|Any CPU.ActiveCfg = Debug|Any CPU
		{8FC4290E-79C2-4996-B6FD-B4D9F6344A8C}.Ad-Hoc|Any CPU.Build.0 = Debug|Any CPU
		{8FC4290E-79C2-4996-B6FD-B4D9F6344A8C}.Ad-Hoc|iPhone.ActiveCfg = Debug|Any CPU
		{8FC4290E-79C2-4996-B6FD-B4D9F6344A8C}.Ad-Hoc|iPhone.Build.0 = Debug|Any CPU
		{8FC4290E-79C2-4996-B6FD-B4D9F6344A8C}.Ad-Hoc|iPhoneSimulator.ActiveCfg = Debug|Any CPU
		{8FC4290E-79C2-4996-B6FD-B4D9F6344A8C}.Ad-Hoc|iPhoneSimulator.Build.0 = Debug|Any CPU
		{8FC4290E-79C2-4996-B6FD-B4D9F6344A8C}.AppStore|Any CPU.ActiveCfg = Debug|Any CPU
		{8FC4290E-79C2-4996-B6FD-B4D9F6344A8C}.AppStore|Any CPU.Build.0 = Debug|Any CPU
		{8FC4290E-79C2-4996-B6FD-B4D9F6344A8C}.AppStore|iPhone.ActiveCfg = Debug|Any CPU
		{8FC4290E-79C2-4996-B6FD-B4D9F6344A8C}.AppStore|iPhone.Build.0 = Debug|Any CPU
		{8FC4290E-79C2-4996-B6FD-B4D9F6344A8C}.AppStore|iPhoneSimulator.ActiveCfg = Debug|Any CPU
		{8FC4290E-79C2-4996-B6FD-B4D9F6344A8C}.AppStore|iPhoneSimulator.Build.0 = Debug|Any CPU
		{8FC4290E-79C2-4996-B6FD-B4D9F6344A8C}.Debug|Any CPU.ActiveCfg = Debug|Any CPU
		{8FC4290E-79C2-4996-B6FD-B4D9F6344A8C}.Debug|Any CPU.Build.0 = Debug|Any CPU
		{8FC4290E-79C2-4996-B6FD-B4D9F6344A8C}.Debug|iPhone.ActiveCfg = Debug|Any CPU
		{8FC4290E-79C2-4996-B6FD-B4D9F6344A8C}.Debug|iPhone.Build.0 = Debug|Any CPU
		{8FC4290E-79C2-4996-B6FD-B4D9F6344A8C}.Debug|iPhoneSimulator.ActiveCfg = Debug|Any CPU
		{8FC4290E-79C2-4996-B6FD-B4D9F6344A8C}.Debug|iPhoneSimulator.Build.0 = Debug|Any CPU
		{8FC4290E-79C2-4996-B6FD-B4D9F6344A8C}.Gorilla|Any CPU.ActiveCfg = Debug|Any CPU
		{8FC4290E-79C2-4996-B6FD-B4D9F6344A8C}.Gorilla|Any CPU.Build.0 = Debug|Any CPU
		{8FC4290E-79C2-4996-B6FD-B4D9F6344A8C}.Gorilla|iPhone.ActiveCfg = Debug|Any CPU
		{8FC4290E-79C2-4996-B6FD-B4D9F6344A8C}.Gorilla|iPhone.Build.0 = Debug|Any CPU
		{8FC4290E-79C2-4996-B6FD-B4D9F6344A8C}.Gorilla|iPhoneSimulator.ActiveCfg = Debug|Any CPU
		{8FC4290E-79C2-4996-B6FD-B4D9F6344A8C}.Gorilla|iPhoneSimulator.Build.0 = Debug|Any CPU
		{8FC4290E-79C2-4996-B6FD-B4D9F6344A8C}.Release|Any CPU.ActiveCfg = Release|Any CPU
		{8FC4290E-79C2-4996-B6FD-B4D9F6344A8C}.Release|Any CPU.Build.0 = Release|Any CPU
		{8FC4290E-79C2-4996-B6FD-B4D9F6344A8C}.Release|iPhone.ActiveCfg = Release|Any CPU
		{8FC4290E-79C2-4996-B6FD-B4D9F6344A8C}.Release|iPhone.Build.0 = Release|Any CPU
		{8FC4290E-79C2-4996-B6FD-B4D9F6344A8C}.Release|iPhoneSimulator.ActiveCfg = Release|Any CPU
		{8FC4290E-79C2-4996-B6FD-B4D9F6344A8C}.Release|iPhoneSimulator.Build.0 = Release|Any CPU
	EndGlobalSection
	GlobalSection(SolutionProperties) = preSolution
		HideSolutionNode = FALSE
	EndGlobalSection
	GlobalSection(NestedProjects) = preSolution
		{B59722CF-FE6B-4B28-B406-6241B25B1246} = {B1CA05F6-76B5-4107-8E80-A9B156ADBCB5}
		{9370560F-5899-433A-BBF3-FBABBD68A19B} = {B1CA05F6-76B5-4107-8E80-A9B156ADBCB5}
		{7B8DA71E-7460-4A6A-9742-A07B0067509B} = {B1CA05F6-76B5-4107-8E80-A9B156ADBCB5}
		{3991F227-0AE7-490E-8C4A-875A98C2316D} = {B1CA05F6-76B5-4107-8E80-A9B156ADBCB5}
		{DD23B4D4-CD8C-4AF5-90A7-9D8BFAC46938} = {B1CA05F6-76B5-4107-8E80-A9B156ADBCB5}
		{54E46A34-6B2A-4646-AEE6-5BFF12E64449} = {B1CA05F6-76B5-4107-8E80-A9B156ADBCB5}
		{29F9DDB1-BC23-4C86-A20D-F918DBD4559E} = {B1CA05F6-76B5-4107-8E80-A9B156ADBCB5}
		{8FC4290E-79C2-4996-B6FD-B4D9F6344A8C} = {B1CA05F6-76B5-4107-8E80-A9B156ADBCB5}
	EndGlobalSection
	GlobalSection(ExtensibilityGlobals) = postSolution
		SolutionGuid = {0EABE5EB-BBF0-4FFC-B518-3D38B6D23919}
	EndGlobalSection
EndGlobal
